{
  "name": "threeframes",
  "version": "1.0.4",
  "lockfileVersion": 1,
  "requires": true,
  "dependencies": {
    "import-three-examples": {
      "version": "2.2.4",
      "resolved": "https://registry.npmjs.org/import-three-examples/-/import-three-examples-2.2.4.tgz",
      "integrity": "sha512-C7hTpXD7oHHl8SBgNBdyDBLVNL9qDECyKCV3+a9gN0zRmVIt8Bpx45rs4dOuKuEusWV9abqmAvy2rlQgVUkpZw=="
    },
    "three": {
      "version": "0.125.0",
      "resolved": "https://registry.npmjs.org/three/-/three-0.125.0.tgz",
      "integrity": "sha512-qL36qUGsPQ/Ofo/RZdXwHwM7A8wzUSAIyawtjIebJSPvounUQeneSqxI0aBY2iwKpseGy+RUtj3C5f/z4poyXw=="
    }
  }
}
