{
  "name": "threeframes",
  "version": "1.0.1",
  "lockfileVersion": 1,
  "requires": true,
  "dependencies": {
    "import-three-examples": {
      "version": "2.2.4",
      "resolved": "https://registry.npmjs.org/import-three-examples/-/import-three-examples-2.2.4.tgz",
      "integrity": "sha512-C7hTpXD7oHHl8SBgNBdyDBLVNL9qDECyKCV3+a9gN0zRmVIt8Bpx45rs4dOuKuEusWV9abqmAvy2rlQgVUkpZw=="
    },
    "three": {
      "version": "0.112.1",
      "resolved": "https://registry.npmjs.org/three/-/three-0.112.1.tgz",
      "integrity": "sha512-8I0O74hiYtKl3LgDNcPJbBGOlpekbcJ6fJnImmW3mFdeUFJ2H9Y3/UuUSW2sBdjrIlCM0gvOkaTEFlofO900TQ=="
    }
  }
}
